
Microsoft Visual Studio Solution File, Format Version 12.00
# Visual Studio 14
VisualStudioVersion = 14.0.24720.0
MinimumVisualStudioVersion = 10.0.40219.1
Project("{FAE04EC0-301F-11D3-BF4B-00C04F79EFBC}") = "Bulk Rename Utility 2", "Bulk Rename Utility 2\Bulk Rename Utility 2.csproj", "{DC538C4B-C265-475A-9D14-2B7610E7696E}"
EndProject
Project("{FAE04EC0-301F-11D3-BF4B-00C04F79EFBC}") = "BulkRenamer.Application", "BulkRenamer.Application\BulkRenamer.Application.csproj", "{BA902F86-520B-471A-8F6B-8D30403228BD}"
EndProject
Project("{FAE04EC0-301F-11D3-BF4B-00C04F79EFBC}") = "BulkRenamer.Interface", "BulkRenamer.Interface\BulkRenamer.Interface.csproj", "{A2D8FABA-C177-4028-97D4-07AEAAFE7EDF}"
EndProject
Global
	GlobalSection(SolutionConfigurationPlatforms) = preSolution
		Debug|Any CPU = Debug|Any CPU
		Release|Any CPU = Release|Any CPU
	EndGlobalSection
	GlobalSection(ProjectConfigurationPlatforms) = postSolution
		{DC538C4B-C265-475A-9D14-2B7610E7696E}.Debug|Any CPU.ActiveCfg = Debug|Any CPU
		{DC538C4B-C265-475A-9D14-2B7610E7696E}.Debug|Any CPU.Build.0 = Debug|Any CPU
		{DC538C4B-C265-475A-9D14-2B7610E7696E}.Release|Any CPU.ActiveCfg = Release|Any CPU
		{DC538C4B-C265-475A-9D14-2B7610E7696E}.Release|Any CPU.Build.0 = Release|Any CPU
		{BA902F86-520B-471A-8F6B-8D30403228BD}.Debug|Any CPU.ActiveCfg = Debug|Any CPU
		{BA902F86-520B-471A-8F6B-8D30403228BD}.Debug|Any CPU.Build.0 = Debug|Any CPU
		{BA902F86-520B-471A-8F6B-8D30403228BD}.Release|Any CPU.ActiveCfg = Release|Any CPU
		{BA902F86-520B-471A-8F6B-8D30403228BD}.Release|Any CPU.Build.0 = Release|Any CPU
		{A2D8FABA-C177-4028-97D4-07AEAAFE7EDF}.Debug|Any CPU.ActiveCfg = Debug|Any CPU
		{A2D8FABA-C177-4028-97D4-07AEAAFE7EDF}.Debug|Any CPU.Build.0 = Debug|Any CPU
		{A2D8FABA-C177-4028-97D4-07AEAAFE7EDF}.Release|Any CPU.ActiveCfg = Release|Any CPU
		{A2D8FABA-C177-4028-97D4-07AEAAFE7EDF}.Release|Any CPU.Build.0 = Release|Any CPU
	EndGlobalSection
	GlobalSection(SolutionProperties) = preSolution
		HideSolutionNode = FALSE
	EndGlobalSection
EndGlobal
