
Microsoft Visual Studio Solution File, Format Version 12.00
# Visual Studio 15
VisualStudioVersion = 15.0.26403.3
MinimumVisualStudioVersion = 10.0.40219.1
Project("{FAE04EC0-301F-11D3-BF4B-00C04F79EFBC}") = "AsyncAwaitDemo.Application", "AsyncAwaitDemo.Application\AsyncAwaitDemo.Application.csproj", "{0FE44F99-5159-4BE2-B637-70842EBEAF56}"
EndProject
Project("{FAE04EC0-301F-11D3-BF4B-00C04F79EFBC}") = "AsyncAwaitDemo", "AsyncAwaitDemo\AsyncAwaitDemo.csproj", "{F745E373-8D61-4085-BD81-3768C00F6179}"
EndProject
Global
	GlobalSection(SolutionConfigurationPlatforms) = preSolution
		Debug|Any CPU = Debug|Any CPU
		Release|Any CPU = Release|Any CPU
	EndGlobalSection
	GlobalSection(ProjectConfigurationPlatforms) = postSolution
		{0FE44F99-5159-4BE2-B637-70842EBEAF56}.Debug|Any CPU.ActiveCfg = Debug|Any CPU
		{0FE44F99-5159-4BE2-B637-70842EBEAF56}.Debug|Any CPU.Build.0 = Debug|Any CPU
		{0FE44F99-5159-4BE2-B637-70842EBEAF56}.Release|Any CPU.ActiveCfg = Release|Any CPU
		{0FE44F99-5159-4BE2-B637-70842EBEAF56}.Release|Any CPU.Build.0 = Release|Any CPU
		{F745E373-8D61-4085-BD81-3768C00F6179}.Debug|Any CPU.ActiveCfg = Debug|Any CPU
		{F745E373-8D61-4085-BD81-3768C00F6179}.Debug|Any CPU.Build.0 = Debug|Any CPU
		{F745E373-8D61-4085-BD81-3768C00F6179}.Release|Any CPU.ActiveCfg = Release|Any CPU
		{F745E373-8D61-4085-BD81-3768C00F6179}.Release|Any CPU.Build.0 = Release|Any CPU
	EndGlobalSection
	GlobalSection(SolutionProperties) = preSolution
		HideSolutionNode = FALSE
	EndGlobalSection
EndGlobal
